{
  "object": {
    "pins": [
      {
        "package": "SmartHitTest",
        "repositoryURL": "https://github.com/maxxfrazer/ARKit-SmartHitTest",
        "state": {
          "branch": null,
          "revision": "2b7145d55ca273f1ec0328783f87e93b9473f9f5",
          "version": "2.0.0"
        }
      },
      {
        "package": "FocusEntity",
        "repositoryURL": "https://github.com/maxxfrazer/FocusEntity.git",
        "state": {
          "branch": null,
          "revision": "4b4840678c618c675a84960cf11c50a8aecc0104",
          "version": "1.1.1"
        }
      }
    ]
  },
  "version": 1
}
